
Microsoft Visual Studio Solution File, Format Version 12.00
Project("{FAE04EC0-301F-11D3-BF4B-00C04F79EFBC}") = "Logic", "Logic\Logic.csproj", "{16C6A46F-C043-4027-8855-D2BD83A86227}"
EndProject
Project("{FAE04EC0-301F-11D3-BF4B-00C04F79EFBC}") = "LogicTests", "LogicTests\LogicTests.csproj", "{FB838AA9-8510-49A8-B20A-27036D5EF960}"
EndProject
Project("{FAE04EC0-301F-11D3-BF4B-00C04F79EFBC}") = "Console", "Console\Console.csproj", "{286B4313-ABB1-4169-8C55-811465E67E56}"
EndProject
Global
	GlobalSection(SolutionConfigurationPlatforms) = preSolution
		Debug|Any CPU = Debug|Any CPU
		Release|Any CPU = Release|Any CPU
	EndGlobalSection
	GlobalSection(ProjectConfigurationPlatforms) = postSolution
		{16C6A46F-C043-4027-8855-D2BD83A86227}.Debug|Any CPU.ActiveCfg = Debug|Any CPU
		{16C6A46F-C043-4027-8855-D2BD83A86227}.Debug|Any CPU.Build.0 = Debug|Any CPU
		{16C6A46F-C043-4027-8855-D2BD83A86227}.Release|Any CPU.ActiveCfg = Release|Any CPU
		{16C6A46F-C043-4027-8855-D2BD83A86227}.Release|Any CPU.Build.0 = Release|Any CPU
		{FB838AA9-8510-49A8-B20A-27036D5EF960}.Debug|Any CPU.ActiveCfg = Debug|Any CPU
		{FB838AA9-8510-49A8-B20A-27036D5EF960}.Debug|Any CPU.Build.0 = Debug|Any CPU
		{FB838AA9-8510-49A8-B20A-27036D5EF960}.Release|Any CPU.ActiveCfg = Release|Any CPU
		{FB838AA9-8510-49A8-B20A-27036D5EF960}.Release|Any CPU.Build.0 = Release|Any CPU
		{286B4313-ABB1-4169-8C55-811465E67E56}.Debug|Any CPU.ActiveCfg = Debug|Any CPU
		{286B4313-ABB1-4169-8C55-811465E67E56}.Debug|Any CPU.Build.0 = Debug|Any CPU
		{286B4313-ABB1-4169-8C55-811465E67E56}.Release|Any CPU.ActiveCfg = Release|Any CPU
		{286B4313-ABB1-4169-8C55-811465E67E56}.Release|Any CPU.Build.0 = Release|Any CPU
	EndGlobalSection
EndGlobal
